
Microsoft Visual Studio Solution File, Format Version 12.00
# Visual Studio Version 17
VisualStudioVersion = 17.9.34902.65
MinimumVisualStudioVersion = 10.0.40219.1
Project("{FAE04EC0-301F-11D3-BF4B-00C04F79EFBC}") = "Not_Kayıt_Sistemi", "Not_Kayıt_Sistemi\Not_Kayıt_Sistemi.csproj", "{4CFA77D0-2D01-49FD-9149-CC97740F3802}"
EndProject
Global
	GlobalSection(SolutionConfigurationPlatforms) = preSolution
		Debug|Any CPU = Debug|Any CPU
		Release|Any CPU = Release|Any CPU
	EndGlobalSection
	GlobalSection(ProjectConfigurationPlatforms) = postSolution
		{4CFA77D0-2D01-49FD-9149-CC97740F3802}.Debug|Any CPU.ActiveCfg = Debug|Any CPU
		{4CFA77D0-2D01-49FD-9149-CC97740F3802}.Debug|Any CPU.Build.0 = Debug|Any CPU
		{4CFA77D0-2D01-49FD-9149-CC97740F3802}.Release|Any CPU.ActiveCfg = Release|Any CPU
		{4CFA77D0-2D01-49FD-9149-CC97740F3802}.Release|Any CPU.Build.0 = Release|Any CPU
	EndGlobalSection
	GlobalSection(SolutionProperties) = preSolution
		HideSolutionNode = FALSE
	EndGlobalSection
	GlobalSection(ExtensibilityGlobals) = postSolution
		SolutionGuid = {518FE140-F8DA-4865-8995-9F6BDEB6F4C3}
	EndGlobalSection
EndGlobal
